// !$*UTF8*$!
{
	archiveVersion = 1;
	classes = {
	};
	objectVersion = 50;
	objects = {

/* Begin PBXBuildFile section */
		4C03F74DB9E3F41061D68317 /* Pods_Be_App.framework in Frameworks */ = {isa = PBXBuildFile; fileRef = 5179233F4343EF8D67CEE8DB /* Pods_Be_App.framework */; };
		A600807C214AE86F004F296C /* PostCustomCell.swift in Sources */ = {isa = PBXBuildFile; fileRef = A600807B214AE86F004F296C /* PostCustomCell.swift */; };
		A62D44342152A73F001B4C6F /* GoogleService-Info.plist in Resources */ = {isa = PBXBuildFile; fileRef = A62D44332152A73F001B4C6F /* GoogleService-Info.plist */; };
		A642F1CF2149B4A60079C8BC /* PostVC.swift in Sources */ = {isa = PBXBuildFile; fileRef = A642F1CE2149B4A60079C8BC /* PostVC.swift */; };
		A666A1292138AD690072F623 /* SignUpVC2.swift in Sources */ = {isa = PBXBuildFile; fileRef = A666A1282138AD690072F623 /* SignUpVC2.swift */; };
		A666A12B2138AD750072F623 /* SignUpVC3.swift in Sources */ = {isa = PBXBuildFile; fileRef = A666A12A2138AD750072F623 /* SignUpVC3.swift */; };
		A666A12D213B9AE80072F623 /* SignUpVC4.swift in Sources */ = {isa = PBXBuildFile; fileRef = A666A12C213B9AE80072F623 /* SignUpVC4.swift */; };
		A666A12F21405EA10072F623 /* HomeVC.swift in Sources */ = {isa = PBXBuildFile; fileRef = A666A12E21405EA10072F623 /* HomeVC.swift */; };
		A666A13221405EDA0072F623 /* PrayersVC.swift in Sources */ = {isa = PBXBuildFile; fileRef = A666A13121405EDA0072F623 /* PrayersVC.swift */; };
		A666A13421405EE60072F623 /* MessagesVC.swift in Sources */ = {isa = PBXBuildFile; fileRef = A666A13321405EE60072F623 /* MessagesVC.swift */; };
		A666A13621405EF60072F623 /* NotificationsVC.swift in Sources */ = {isa = PBXBuildFile; fileRef = A666A13521405EF50072F623 /* NotificationsVC.swift */; };
		A6CE7ECE2130C51100E1BA48 /* AppDelegate.swift in Sources */ = {isa = PBXBuildFile; fileRef = A6CE7ECD2130C51100E1BA48 /* AppDelegate.swift */; };
		A6CE7ED02130C51100E1BA48 /* LogInVC.swift in Sources */ = {isa = PBXBuildFile; fileRef = A6CE7ECF2130C51100E1BA48 /* LogInVC.swift */; };
		A6CE7ED32130C51100E1BA48 /* Main.storyboard in Resources */ = {isa = PBXBuildFile; fileRef = A6CE7ED12130C51100E1BA48 /* Main.storyboard */; };
		A6CE7ED52130C51100E1BA48 /* Assets.xcassets in Resources */ = {isa = PBXBuildFile; fileRef = A6CE7ED42130C51100E1BA48 /* Assets.xcassets */; };
		A6CE7ED82130C51100E1BA48 /* LaunchScreen.storyboard in Resources */ = {isa = PBXBuildFile; fileRef = A6CE7ED62130C51100E1BA48 /* LaunchScreen.storyboard */; };
		A6F6ABE62152AA4E00C8EE67 /* SignUpVC1.swift in Sources */ = {isa = PBXBuildFile; fileRef = A6F6ABE52152AA4E00C8EE67 /* SignUpVC1.swift */; };
/* End PBXBuildFile section */

/* Begin PBXFileReference section */
		5179233F4343EF8D67CEE8DB /* Pods_Be_App.framework */ = {isa = PBXFileReference; explicitFileType = wrapper.framework; includeInIndex = 0; path = Pods_Be_App.framework; sourceTree = BUILT_PRODUCTS_DIR; };
		A600807B214AE86F004F296C /* PostCustomCell.swift */ = {isa = PBXFileReference; lastKnownFileType = sourcecode.swift; path = PostCustomCell.swift; sourceTree = "<group>"; };
		A62D44332152A73F001B4C6F /* GoogleService-Info.plist */ = {isa = PBXFileReference; fileEncoding = 4; lastKnownFileType = text.plist.xml; path = "GoogleService-Info.plist"; sourceTree = SOURCE_ROOT; };
		A642F1CE2149B4A60079C8BC /* PostVC.swift */ = {isa = PBXFileReference; lastKnownFileType = sourcecode.swift; path = PostVC.swift; sourceTree = "<group>"; };
		A666A1282138AD690072F623 /* SignUpVC2.swift */ = {isa = PBXFileReference; lastKnownFileType = sourcecode.swift; path = SignUpVC2.swift; sourceTree = "<group>"; };
		A666A12A2138AD750072F623 /* SignUpVC3.swift */ = {isa = PBXFileReference; lastKnownFileType = sourcecode.swift; path = SignUpVC3.swift; sourceTree = "<group>"; };
		A666A12C213B9AE80072F623 /* SignUpVC4.swift */ = {isa = PBXFileReference; lastKnownFileType = sourcecode.swift; path = SignUpVC4.swift; sourceTree = "<group>"; };
		A666A12E21405EA10072F623 /* HomeVC.swift */ = {isa = PBXFileReference; lastKnownFileType = sourcecode.swift; path = HomeVC.swift; sourceTree = "<group>"; };
		A666A13121405EDA0072F623 /* PrayersVC.swift */ = {isa = PBXFileReference; lastKnownFileType = sourcecode.swift; path = PrayersVC.swift; sourceTree = "<group>"; };
		A666A13321405EE60072F623 /* MessagesVC.swift */ = {isa = PBXFileReference; lastKnownFileType = sourcecode.swift; path = MessagesVC.swift; sourceTree = "<group>"; };
		A666A13521405EF50072F623 /* NotificationsVC.swift */ = {isa = PBXFileReference; lastKnownFileType = sourcecode.swift; path = NotificationsVC.swift; sourceTree = "<group>"; };
		A6B8F36BFF68F68783CE8425 /* Pods-Be App.debug.xcconfig */ = {isa = PBXFileReference; includeInIndex = 1; lastKnownFileType = text.xcconfig; name = "Pods-Be App.debug.xcconfig"; path = "Pods/Target Support Files/Pods-Be App/Pods-Be App.debug.xcconfig"; sourceTree = "<group>"; };
		A6CE7ECA2130C51100E1BA48 /* Be App.app */ = {isa = PBXFileReference; explicitFileType = wrapper.application; includeInIndex = 0; path = "Be App.app"; sourceTree = BUILT_PRODUCTS_DIR; };
		A6CE7ECD2130C51100E1BA48 /* AppDelegate.swift */ = {isa = PBXFileReference; lastKnownFileType = sourcecode.swift; path = AppDelegate.swift; sourceTree = "<group>"; };
		A6CE7ECF2130C51100E1BA48 /* LogInVC.swift */ = {isa = PBXFileReference; lastKnownFileType = sourcecode.swift; path = LogInVC.swift; sourceTree = "<group>"; };
		A6CE7ED22130C51100E1BA48 /* Base */ = {isa = PBXFileReference; lastKnownFileType = file.storyboard; name = Base; path = Base.lproj/Main.storyboard; sourceTree = "<group>"; };
		A6CE7ED42130C51100E1BA48 /* Assets.xcassets */ = {isa = PBXFileReference; lastKnownFileType = folder.assetcatalog; path = Assets.xcassets; sourceTree = "<group>"; };
		A6CE7ED72130C51100E1BA48 /* Base */ = {isa = PBXFileReference; lastKnownFileType = file.storyboard; name = Base; path = Base.lproj/LaunchScreen.storyboard; sourceTree = "<group>"; };
		A6CE7ED92130C51100E1BA48 /* Info.plist */ = {isa = PBXFileReference; lastKnownFileType = text.plist.xml; path = Info.plist; sourceTree = "<group>"; };
		A6F6ABE52152AA4E00C8EE67 /* SignUpVC1.swift */ = {isa = PBXFileReference; lastKnownFileType = sourcecode.swift; path = SignUpVC1.swift; sourceTree = "<group>"; };
		ED3D756ACD1DD7D54B98C13E /* Pods-Be App.release.xcconfig */ = {isa = PBXFileReference; includeInIndex = 1; lastKnownFileType = text.xcconfig; name = "Pods-Be App.release.xcconfig"; path = "Pods/Target Support Files/Pods-Be App/Pods-Be App.release.xcconfig"; sourceTree = "<group>"; };
/* End PBXFileReference section */

/* Begin PBXFrameworksBuildPhase section */
		A6CE7EC72130C51100E1BA48 /* Frameworks */ = {
			isa = PBXFrameworksBuildPhase;
			buildActionMask = 2147483647;
			files = (
				4C03F74DB9E3F41061D68317 /* Pods_Be_App.framework in Frameworks */,
			);
			runOnlyForDeploymentPostprocessing = 0;
		};
/* End PBXFrameworksBuildPhase section */

/* Begin PBXGroup section */
		8DDEFFEE1976D0C894CFEC8C /* Pods */ = {
			isa = PBXGroup;
			children = (
				A6B8F36BFF68F68783CE8425 /* Pods-Be App.debug.xcconfig */,
				ED3D756ACD1DD7D54B98C13E /* Pods-Be App.release.xcconfig */,
			);
			name = Pods;
			sourceTree = "<group>";
		};
		A666A1252138AD3F0072F623 /* SignUpVCs */ = {
			isa = PBXGroup;
			children = (
				A6F6ABE52152AA4E00C8EE67 /* SignUpVC1.swift */,
				A666A1282138AD690072F623 /* SignUpVC2.swift */,
				A666A12A2138AD750072F623 /* SignUpVC3.swift */,
				A666A12C213B9AE80072F623 /* SignUpVC4.swift */,
			);
			path = SignUpVCs;
			sourceTree = "<group>";
		};
		A666A13021405EAA0072F623 /* MainVCs */ = {
			isa = PBXGroup;
			children = (
				A666A12E21405EA10072F623 /* HomeVC.swift */,
				A600807B214AE86F004F296C /* PostCustomCell.swift */,
				A666A13121405EDA0072F623 /* PrayersVC.swift */,
				A666A13321405EE60072F623 /* MessagesVC.swift */,
				A666A13521405EF50072F623 /* NotificationsVC.swift */,
				A642F1CE2149B4A60079C8BC /* PostVC.swift */,
			);
			path = MainVCs;
			sourceTree = "<group>";
		};
		A6CE7EC12130C51100E1BA48 = {
			isa = PBXGroup;
			children = (
				A6CE7ECC2130C51100E1BA48 /* Be App */,
				A6CE7ECB2130C51100E1BA48 /* Products */,
				8DDEFFEE1976D0C894CFEC8C /* Pods */,
				B9DA1CFA7C142EB5F9971FA5 /* Frameworks */,
			);
			sourceTree = "<group>";
		};
		A6CE7ECB2130C51100E1BA48 /* Products */ = {
			isa = PBXGroup;
			children = (
				A6CE7ECA2130C51100E1BA48 /* Be App.app */,
			);
			name = Products;
			sourceTree = "<group>";
		};
		A6CE7ECC2130C51100E1BA48 /* Be App */ = {
			isa = PBXGroup;
			children = (
				A6CE7ECD2130C51100E1BA48 /* AppDelegate.swift */,
				A6CE7ECF2130C51100E1BA48 /* LogInVC.swift */,
				A666A1252138AD3F0072F623 /* SignUpVCs */,
				A6CE7ED12130C51100E1BA48 /* Main.storyboard */,
				A666A13021405EAA0072F623 /* MainVCs */,
				A6CE7ED42130C51100E1BA48 /* Assets.xcassets */,
				A6CE7ED62130C51100E1BA48 /* LaunchScreen.storyboard */,
				A6CE7ED92130C51100E1BA48 /* Info.plist */,
				A62D44332152A73F001B4C6F /* GoogleService-Info.plist */,
			);
			path = "Be App";
			sourceTree = "<group>";
		};
		B9DA1CFA7C142EB5F9971FA5 /* Frameworks */ = {
			isa = PBXGroup;
			children = (
				5179233F4343EF8D67CEE8DB /* Pods_Be_App.framework */,
			);
			name = Frameworks;
			sourceTree = "<group>";
		};
/* End PBXGroup section */

/* Begin PBXNativeTarget section */
		A6CE7EC92130C51100E1BA48 /* Be App */ = {
			isa = PBXNativeTarget;
			buildConfigurationList = A6CE7EDC2130C51100E1BA48 /* Build configuration list for PBXNativeTarget "Be App" */;
			buildPhases = (
				CC443F0DC064F3BD3DD37BCD /* [CP] Check Pods Manifest.lock */,
				A6CE7EC62130C51100E1BA48 /* Sources */,
				A6CE7EC72130C51100E1BA48 /* Frameworks */,
				A6CE7EC82130C51100E1BA48 /* Resources */,
				531774F075CF705A2CD29E27 /* [CP] Embed Pods Frameworks */,
			);
			buildRules = (
			);
			dependencies = (
			);
			name = "Be App";
			productName = "Be App";
			productReference = A6CE7ECA2130C51100E1BA48 /* Be App.app */;
			productType = "com.apple.product-type.application";
		};
/* End PBXNativeTarget section */

/* Begin PBXProject section */
		A6CE7EC22130C51100E1BA48 /* Project object */ = {
			isa = PBXProject;
			attributes = {
				LastSwiftUpdateCheck = 0940;
				LastUpgradeCheck = 0940;
				ORGANIZATIONNAME = "Taylor Smith";
				TargetAttributes = {
					A6CE7EC92130C51100E1BA48 = {
						CreatedOnToolsVersion = 9.4.1;
						LastSwiftMigration = 1000;
					};
				};
			};
			buildConfigurationList = A6CE7EC52130C51100E1BA48 /* Build configuration list for PBXProject "Be App" */;
			compatibilityVersion = "Xcode 9.3";
			developmentRegion = en;
			hasScannedForEncodings = 0;
			knownRegions = (
				en,
				Base,
			);
			mainGroup = A6CE7EC12130C51100E1BA48;
			productRefGroup = A6CE7ECB2130C51100E1BA48 /* Products */;
			projectDirPath = "";
			projectRoot = "";
			targets = (
				A6CE7EC92130C51100E1BA48 /* Be App */,
			);
		};
/* End PBXProject section */

/* Begin PBXResourcesBuildPhase section */
		A6CE7EC82130C51100E1BA48 /* Resources */ = {
			isa = PBXResourcesBuildPhase;
			buildActionMask = 2147483647;
			files = (
				A6CE7ED82130C51100E1BA48 /* LaunchScreen.storyboard in Resources */,
				A62D44342152A73F001B4C6F /* GoogleService-Info.plist in Resources */,
				A6CE7ED52130C51100E1BA48 /* Assets.xcassets in Resources */,
				A6CE7ED32130C51100E1BA48 /* Main.storyboard in Resources */,
			);
			runOnlyForDeploymentPostprocessing = 0;
		};
/* End PBXResourcesBuildPhase section */

/* Begin PBXShellScriptBuildPhase section */
		531774F075CF705A2CD29E27 /* [CP] Embed Pods Frameworks */ = {
			isa = PBXShellScriptBuildPhase;
			buildActionMask = 2147483647;
			files = (
			);
			inputPaths = (
				"${SRCROOT}/Pods/Target Support Files/Pods-Be App/Pods-Be App-frameworks.sh",
				"${BUILT_PRODUCTS_DIR}/BoringSSL/openssl.framework",
				"${BUILT_PRODUCTS_DIR}/GTMSessionFetcher/GTMSessionFetcher.framework",
				"${BUILT_PRODUCTS_DIR}/GoogleUtilities/GoogleUtilities.framework",
				"${BUILT_PRODUCTS_DIR}/Protobuf/Protobuf.framework",
				"${BUILT_PRODUCTS_DIR}/SwiftKeychainWrapper/SwiftKeychainWrapper.framework",
				"${BUILT_PRODUCTS_DIR}/gRPC/GRPCClient.framework",
				"${BUILT_PRODUCTS_DIR}/gRPC-Core/grpc.framework",
				"${BUILT_PRODUCTS_DIR}/gRPC-ProtoRPC/ProtoRPC.framework",
				"${BUILT_PRODUCTS_DIR}/gRPC-RxLibrary/RxLibrary.framework",
				"${BUILT_PRODUCTS_DIR}/leveldb-library/leveldb.framework",
				"${BUILT_PRODUCTS_DIR}/nanopb/nanopb.framework",
			);
			name = "[CP] Embed Pods Frameworks";
			outputPaths = (
				"${TARGET_BUILD_DIR}/${FRAMEWORKS_FOLDER_PATH}/openssl.framework",
				"${TARGET_BUILD_DIR}/${FRAMEWORKS_FOLDER_PATH}/GTMSessionFetcher.framework",
				"${TARGET_BUILD_DIR}/${FRAMEWORKS_FOLDER_PATH}/GoogleUtilities.framework",
				"${TARGET_BUILD_DIR}/${FRAMEWORKS_FOLDER_PATH}/Protobuf.framework",
				"${TARGET_BUILD_DIR}/${FRAMEWORKS_FOLDER_PATH}/SwiftKeychainWrapper.framework",
				"${TARGET_BUILD_DIR}/${FRAMEWORKS_FOLDER_PATH}/GRPCClient.framework",
				"${TARGET_BUILD_DIR}/${FRAMEWORKS_FOLDER_PATH}/grpc.framework",
				"${TARGET_BUILD_DIR}/${FRAMEWORKS_FOLDER_PATH}/ProtoRPC.framework",
				"${TARGET_BUILD_DIR}/${FRAMEWORKS_FOLDER_PATH}/RxLibrary.framework",
				"${TARGET_BUILD_DIR}/${FRAMEWORKS_FOLDER_PATH}/leveldb.framework",
				"${TARGET_BUILD_DIR}/${FRAMEWORKS_FOLDER_PATH}/nanopb.framework",
			);
			runOnlyForDeploymentPostprocessing = 0;
			shellPath = /bin/sh;
			shellScript = "\"${SRCROOT}/Pods/Target Support Files/Pods-Be App/Pods-Be App-frameworks.sh\"\n";
			showEnvVarsInLog = 0;
		};
		CC443F0DC064F3BD3DD37BCD /* [CP] Check Pods Manifest.lock */ = {
			isa = PBXShellScriptBuildPhase;
			buildActionMask = 2147483647;
			files = (
			);
			inputPaths = (
				"${PODS_PODFILE_DIR_PATH}/Podfile.lock",
				"${PODS_ROOT}/Manifest.lock",
			);
			name = "[CP] Check Pods Manifest.lock";
			outputPaths = (
				"$(DERIVED_FILE_DIR)/Pods-Be App-checkManifestLockResult.txt",
			);
			runOnlyForDeploymentPostprocessing = 0;
			shellPath = /bin/sh;
			shellScript = "diff \"${PODS_PODFILE_DIR_PATH}/Podfile.lock\" \"${PODS_ROOT}/Manifest.lock\" > /dev/null\nif [ $? != 0 ] ; then\n    # print error to STDERR\n    echo \"error: The sandbox is not in sync with the Podfile.lock. Run 'pod install' or update your CocoaPods installation.\" >&2\n    exit 1\nfi\n# This output is used by Xcode 'outputs' to avoid re-running this script phase.\necho \"SUCCESS\" > \"${SCRIPT_OUTPUT_FILE_0}\"\n";
			showEnvVarsInLog = 0;
		};
/* End PBXShellScriptBuildPhase section */

/* Begin PBXSourcesBuildPhase section */
		A6CE7EC62130C51100E1BA48 /* Sources */ = {
			isa = PBXSourcesBuildPhase;
			buildActionMask = 2147483647;
			files = (
				A666A13621405EF60072F623 /* NotificationsVC.swift in Sources */,
				A666A13421405EE60072F623 /* MessagesVC.swift in Sources */,
				A666A13221405EDA0072F623 /* PrayersVC.swift in Sources */,
				A600807C214AE86F004F296C /* PostCustomCell.swift in Sources */,
				A666A12F21405EA10072F623 /* HomeVC.swift in Sources */,
				A666A12D213B9AE80072F623 /* SignUpVC4.swift in Sources */,
				A6F6ABE62152AA4E00C8EE67 /* SignUpVC1.swift in Sources */,
				A6CE7ED02130C51100E1BA48 /* LogInVC.swift in Sources */,
				A6CE7ECE2130C51100E1BA48 /* AppDelegate.swift in Sources */,
				A666A1292138AD690072F623 /* SignUpVC2.swift in Sources */,
				A666A12B2138AD750072F623 /* SignUpVC3.swift in Sources */,
				A642F1CF2149B4A60079C8BC /* PostVC.swift in Sources */,
			);
			runOnlyForDeploymentPostprocessing = 0;
		};
/* End PBXSourcesBuildPhase section */

/* Begin PBXVariantGroup section */
		A6CE7ED12130C51100E1BA48 /* Main.storyboard */ = {
			isa = PBXVariantGroup;
			children = (
				A6CE7ED22130C51100E1BA48 /* Base */,
			);
			name = Main.storyboard;
			sourceTree = "<group>";
		};
		A6CE7ED62130C51100E1BA48 /* LaunchScreen.storyboard */ = {
			isa = PBXVariantGroup;
			children = (
				A6CE7ED72130C51100E1BA48 /* Base */,
			);
			name = LaunchScreen.storyboard;
			sourceTree = "<group>";
		};
/* End PBXVariantGroup section */

/* Begin XCBuildConfiguration section */
		A6CE7EDA2130C51100E1BA48 /* Debug */ = {
			isa = XCBuildConfiguration;
			buildSettings = {
				ALWAYS_SEARCH_USER_PATHS = NO;
				CLANG_ANALYZER_NONNULL = YES;
				CLANG_ANALYZER_NUMBER_OBJECT_CONVERSION = YES_AGGRESSIVE;
				CLANG_CXX_LANGUAGE_STANDARD = "gnu++14";
				CLANG_CXX_LIBRARY = "libc++";
				CLANG_ENABLE_MODULES = YES;
				CLANG_ENABLE_OBJC_ARC = YES;
				CLANG_ENABLE_OBJC_WEAK = YES;
				CLANG_WARN_BLOCK_CAPTURE_AUTORELEASING = YES;
				CLANG_WARN_BOOL_CONVERSION = YES;
				CLANG_WARN_COMMA = YES;
				CLANG_WARN_CONSTANT_CONVERSION = YES;
				CLANG_WARN_DEPRECATED_OBJC_IMPLEMENTATIONS = YES;
				CLANG_WARN_DIRECT_OBJC_ISA_USAGE = YES_ERROR;
				CLANG_WARN_DOCUMENTATION_COMMENTS = YES;
				CLANG_WARN_EMPTY_BODY = YES;
				CLANG_WARN_ENUM_CONVERSION = YES;
				CLANG_WARN_INFINITE_RECURSION = YES;
				CLANG_WARN_INT_CONVERSION = YES;
				CLANG_WARN_NON_LITERAL_NULL_CONVERSION = YES;
				CLANG_WARN_OBJC_IMPLICIT_RETAIN_SELF = YES;
				CLANG_WARN_OBJC_LITERAL_CONVERSION = YES;
				CLANG_WARN_OBJC_ROOT_CLASS = YES_ERROR;
				CLANG_WARN_RANGE_LOOP_ANALYSIS = YES;
				CLANG_WARN_STRICT_PROTOTYPES = YES;
				CLANG_WARN_SUSPICIOUS_MOVE = YES;
				CLANG_WARN_UNGUARDED_AVAILABILITY = YES_AGGRESSIVE;
				CLANG_WARN_UNREACHABLE_CODE = YES;
				CLANG_WARN__DUPLICATE_METHOD_MATCH = YES;
				CODE_SIGN_IDENTITY = "iPhone Developer";
				COPY_PHASE_STRIP = NO;
				DEBUG_INFORMATION_FORMAT = dwarf;
				ENABLE_STRICT_OBJC_MSGSEND = YES;
				ENABLE_TESTABILITY = YES;
				GCC_C_LANGUAGE_STANDARD = gnu11;
				GCC_DYNAMIC_NO_PIC = NO;
				GCC_NO_COMMON_BLOCKS = YES;
				GCC_OPTIMIZATION_LEVEL = 0;
				GCC_PREPROCESSOR_DEFINITIONS = (
					"DEBUG=1",
					"$(inherited)",
				);
				GCC_WARN_64_TO_32_BIT_CONVERSION = YES;
				GCC_WARN_ABOUT_RETURN_TYPE = YES_ERROR;
				GCC_WARN_UNDECLARED_SELECTOR = YES;
				GCC_WARN_UNINITIALIZED_AUTOS = YES_AGGRESSIVE;
				GCC_WARN_UNUSED_FUNCTION = YES;
				GCC_WARN_UNUSED_VARIABLE = YES;
				IPHONEOS_DEPLOYMENT_TARGET = 11.4;
				MTL_ENABLE_DEBUG_INFO = YES;
				ONLY_ACTIVE_ARCH = YES;
				SDKROOT = iphoneos;
				SWIFT_ACTIVE_COMPILATION_CONDITIONS = DEBUG;
				SWIFT_OPTIMIZATION_LEVEL = "-Onone";
			};
			name = Debug;
		};
		A6CE7EDB2130C51100E1BA48 /* Release */ = {
			isa = XCBuildConfiguration;
			buildSettings = {
				ALWAYS_SEARCH_USER_PATHS = NO;
				CLANG_ANALYZER_NONNULL = YES;
				CLANG_ANALYZER_NUMBER_OBJECT_CONVERSION = YES_AGGRESSIVE;
				CLANG_CXX_LANGUAGE_STANDARD = "gnu++14";
				CLANG_CXX_LIBRARY = "libc++";
				CLANG_ENABLE_MODULES = YES;
				CLANG_ENABLE_OBJC_ARC = YES;
				CLANG_ENABLE_OBJC_WEAK = YES;
				CLANG_WARN_BLOCK_CAPTURE_AUTORELEASING = YES;
				CLANG_WARN_BOOL_CONVERSION = YES;
				CLANG_WARN_COMMA = YES;
				CLANG_WARN_CONSTANT_CONVERSION = YES;
				CLANG_WARN_DEPRECATED_OBJC_IMPLEMENTATIONS = YES;
				CLANG_WARN_DIRECT_OBJC_ISA_USAGE = YES_ERROR;
				CLANG_WARN_DOCUMENTATION_COMMENTS = YES;
				CLANG_WARN_EMPTY_BODY = YES;
				CLANG_WARN_ENUM_CONVERSION = YES;
				CLANG_WARN_INFINITE_RECURSION = YES;
				CLANG_WARN_INT_CONVERSION = YES;
				CLANG_WARN_NON_LITERAL_NULL_CONVERSION = YES;
				CLANG_WARN_OBJC_IMPLICIT_RETAIN_SELF = YES;
				CLANG_WARN_OBJC_LITERAL_CONVERSION = YES;
				CLANG_WARN_OBJC_ROOT_CLASS = YES_ERROR;
				CLANG_WARN_RANGE_LOOP_ANALYSIS = YES;
				CLANG_WARN_STRICT_PROTOTYPES = YES;
				CLANG_WARN_SUSPICIOUS_MOVE = YES;
				CLANG_WARN_UNGUARDED_AVAILABILITY = YES_AGGRESSIVE;
				CLANG_WARN_UNREACHABLE_CODE = YES;
				CLANG_WARN__DUPLICATE_METHOD_MATCH = YES;
				CODE_SIGN_IDENTITY = "iPhone Developer";
				COPY_PHASE_STRIP = NO;
				DEBUG_INFORMATION_FORMAT = "dwarf-with-dsym";
				ENABLE_NS_ASSERTIONS = NO;
				ENABLE_STRICT_OBJC_MSGSEND = YES;
				GCC_C_LANGUAGE_STANDARD = gnu11;
				GCC_NO_COMMON_BLOCKS = YES;
				GCC_WARN_64_TO_32_BIT_CONVERSION = YES;
				GCC_WARN_ABOUT_RETURN_TYPE = YES_ERROR;
				GCC_WARN_UNDECLARED_SELECTOR = YES;
				GCC_WARN_UNINITIALIZED_AUTOS = YES_AGGRESSIVE;
				GCC_WARN_UNUSED_FUNCTION = YES;
				GCC_WARN_UNUSED_VARIABLE = YES;
				IPHONEOS_DEPLOYMENT_TARGET = 11.4;
				MTL_ENABLE_DEBUG_INFO = NO;
				SDKROOT = iphoneos;
				SWIFT_COMPILATION_MODE = wholemodule;
				SWIFT_OPTIMIZATION_LEVEL = "-O";
				VALIDATE_PRODUCT = YES;
			};
			name = Release;
		};
		A6CE7EDD2130C51100E1BA48 /* Debug */ = {
			isa = XCBuildConfiguration;
			baseConfigurationReference = A6B8F36BFF68F68783CE8425 /* Pods-Be App.debug.xcconfig */;
			buildSettings = {
				ASSETCATALOG_COMPILER_APPICON_NAME = AppIcon;
				CODE_SIGN_STYLE = Automatic;
				DEVELOPMENT_TEAM = KNEDT6Y55K;
				INFOPLIST_FILE = "Be App/Info.plist";
				LD_RUNPATH_SEARCH_PATHS = (
					"$(inherited)",
					"@executable_path/Frameworks",
				);
				PRODUCT_BUNDLE_IDENTIFIER = "com.TaylorSmith.Be-App";
				PRODUCT_NAME = "$(TARGET_NAME)";
				SWIFT_VERSION = 4.2;
				TARGETED_DEVICE_FAMILY = "1,2";
			};
			name = Debug;
		};
		A6CE7EDE2130C51100E1BA48 /* Release */ = {
			isa = XCBuildConfiguration;
			baseConfigurationReference = ED3D756ACD1DD7D54B98C13E /* Pods-Be App.release.xcconfig */;
			buildSettings = {
				ASSETCATALOG_COMPILER_APPICON_NAME = AppIcon;
				CODE_SIGN_STYLE = Automatic;
				DEVELOPMENT_TEAM = KNEDT6Y55K;
				INFOPLIST_FILE = "Be App/Info.plist";
				LD_RUNPATH_SEARCH_PATHS = (
					"$(inherited)",
					"@executable_path/Frameworks",
				);
				PRODUCT_BUNDLE_IDENTIFIER = "com.TaylorSmith.Be-App";
				PRODUCT_NAME = "$(TARGET_NAME)";
				SWIFT_VERSION = 4.2;
				TARGETED_DEVICE_FAMILY = "1,2";
			};
			name = Release;
		};
/* End XCBuildConfiguration section */

/* Begin XCConfigurationList section */
		A6CE7EC52130C51100E1BA48 /* Build configuration list for PBXProject "Be App" */ = {
			isa = XCConfigurationList;
			buildConfigurations = (
				A6CE7EDA2130C51100E1BA48 /* Debug */,
				A6CE7EDB2130C51100E1BA48 /* Release */,
			);
			defaultConfigurationIsVisible = 0;
			defaultConfigurationName = Release;
		};
		A6CE7EDC2130C51100E1BA48 /* Build configuration list for PBXNativeTarget "Be App" */ = {
			isa = XCConfigurationList;
			buildConfigurations = (
				A6CE7EDD2130C51100E1BA48 /* Debug */,
				A6CE7EDE2130C51100E1BA48 /* Release */,
			);
			defaultConfigurationIsVisible = 0;
			defaultConfigurationName = Release;
		};
/* End XCConfigurationList section */
	};
	rootObject = A6CE7EC22130C51100E1BA48 /* Project object */;
}
